
Microsoft Visual Studio Solution File, Format Version 12.00
# Visual Studio 15
VisualStudioVersion = 15.0.27130.2024
MinimumVisualStudioVersion = 10.0.40219.1
Project("{FAE04EC0-301F-11D3-BF4B-00C04F79EFBC}") = "ChainOfResposibility", "ChainOfResposibility\ChainOfResposibility.csproj", "{B2A068F9-2D02-4A73-B86C-6BF683802E73}"
EndProject
Project("{FAE04EC0-301F-11D3-BF4B-00C04F79EFBC}") = "ChainOfResponsibility.Tests", "ChainOfResponsibility.Tests\ChainOfResponsibility.Tests.csproj", "{05E81D40-EB64-493B-B35D-A18D80224AFE}"
EndProject
Global
	GlobalSection(SolutionConfigurationPlatforms) = preSolution
		Debug|Any CPU = Debug|Any CPU
		Release|Any CPU = Release|Any CPU
	EndGlobalSection
	GlobalSection(ProjectConfigurationPlatforms) = postSolution
		{B2A068F9-2D02-4A73-B86C-6BF683802E73}.Debug|Any CPU.ActiveCfg = Debug|Any CPU
		{B2A068F9-2D02-4A73-B86C-6BF683802E73}.Debug|Any CPU.Build.0 = Debug|Any CPU
		{B2A068F9-2D02-4A73-B86C-6BF683802E73}.Release|Any CPU.ActiveCfg = Release|Any CPU
		{B2A068F9-2D02-4A73-B86C-6BF683802E73}.Release|Any CPU.Build.0 = Release|Any CPU
		{05E81D40-EB64-493B-B35D-A18D80224AFE}.Debug|Any CPU.ActiveCfg = Debug|Any CPU
		{05E81D40-EB64-493B-B35D-A18D80224AFE}.Debug|Any CPU.Build.0 = Debug|Any CPU
		{05E81D40-EB64-493B-B35D-A18D80224AFE}.Release|Any CPU.ActiveCfg = Release|Any CPU
		{05E81D40-EB64-493B-B35D-A18D80224AFE}.Release|Any CPU.Build.0 = Release|Any CPU
	EndGlobalSection
	GlobalSection(SolutionProperties) = preSolution
		HideSolutionNode = FALSE
	EndGlobalSection
	GlobalSection(ExtensibilityGlobals) = postSolution
		SolutionGuid = {DD770238-6E1E-477C-B73A-3C41C9CF920F}
	EndGlobalSection
EndGlobal
